
Microsoft Visual Studio Solution File, Format Version 11.00
# Visual Studio 2010
Project("{FAE04EC0-301F-11D3-BF4B-00C04F79EFBC}") = "CyberImpact.Plugin", "CyberImpact.Plugin\CyberImpact.Plugin.csproj", "{A17F71C8-98DC-4B37-847C-3C757539EAF3}"
EndProject
Global
	GlobalSection(SolutionConfigurationPlatforms) = preSolution
		Debug|Any CPU = Debug|Any CPU
		Release|Any CPU = Release|Any CPU
	EndGlobalSection
	GlobalSection(ProjectConfigurationPlatforms) = postSolution
		{A17F71C8-98DC-4B37-847C-3C757539EAF3}.Debug|Any CPU.ActiveCfg = Debug|Any CPU
		{A17F71C8-98DC-4B37-847C-3C757539EAF3}.Debug|Any CPU.Build.0 = Debug|Any CPU
		{A17F71C8-98DC-4B37-847C-3C757539EAF3}.Release|Any CPU.ActiveCfg = Release|Any CPU
		{A17F71C8-98DC-4B37-847C-3C757539EAF3}.Release|Any CPU.Build.0 = Release|Any CPU
	EndGlobalSection
	GlobalSection(SolutionProperties) = preSolution
		HideSolutionNode = FALSE
	EndGlobalSection
EndGlobal
