
Microsoft Visual Studio Solution File, Format Version 11.00
# Visual Studio 2010
Project("{FAE04EC0-301F-11D3-BF4B-00C04F79EFBC}") = "CyberImpact.Crm.WebServices", "CyberImpact.Crm.WebServices\CyberImpact.Crm.WebServices.csproj", "{4690C143-0A35-467C-8D73-263987908943}"
EndProject
Project("{FAE04EC0-301F-11D3-BF4B-00C04F79EFBC}") = "CyberImpact.Crm.Operations", "CyberImpact.Crm.Operations\CyberImpact.Crm.Operations.csproj", "{27DFE2CA-EAFF-47FF-AA69-F0596E981A13}"
EndProject
Project("{FAE04EC0-301F-11D3-BF4B-00C04F79EFBC}") = "ConsoleApplication", "ConsoleApplication\ConsoleApplication.csproj", "{CF761069-9B51-44BD-8860-673F89205D1E}"
EndProject
Global
	GlobalSection(SolutionConfigurationPlatforms) = preSolution
		Debug|Any CPU = Debug|Any CPU
		Debug|Mixed Platforms = Debug|Mixed Platforms
		Debug|x86 = Debug|x86
		Release|Any CPU = Release|Any CPU
		Release|Mixed Platforms = Release|Mixed Platforms
		Release|x86 = Release|x86
	EndGlobalSection
	GlobalSection(ProjectConfigurationPlatforms) = postSolution
		{4690C143-0A35-467C-8D73-263987908943}.Debug|Any CPU.ActiveCfg = Debug|Any CPU
		{4690C143-0A35-467C-8D73-263987908943}.Debug|Any CPU.Build.0 = Debug|Any CPU
		{4690C143-0A35-467C-8D73-263987908943}.Debug|Mixed Platforms.ActiveCfg = Debug|Any CPU
		{4690C143-0A35-467C-8D73-263987908943}.Debug|Mixed Platforms.Build.0 = Debug|Any CPU
		{4690C143-0A35-467C-8D73-263987908943}.Debug|x86.ActiveCfg = Debug|Any CPU
		{4690C143-0A35-467C-8D73-263987908943}.Release|Any CPU.ActiveCfg = Release|Any CPU
		{4690C143-0A35-467C-8D73-263987908943}.Release|Any CPU.Build.0 = Release|Any CPU
		{4690C143-0A35-467C-8D73-263987908943}.Release|Mixed Platforms.ActiveCfg = Release|Any CPU
		{4690C143-0A35-467C-8D73-263987908943}.Release|Mixed Platforms.Build.0 = Release|Any CPU
		{4690C143-0A35-467C-8D73-263987908943}.Release|x86.ActiveCfg = Release|Any CPU
		{27DFE2CA-EAFF-47FF-AA69-F0596E981A13}.Debug|Any CPU.ActiveCfg = Debug|Any CPU
		{27DFE2CA-EAFF-47FF-AA69-F0596E981A13}.Debug|Any CPU.Build.0 = Debug|Any CPU
		{27DFE2CA-EAFF-47FF-AA69-F0596E981A13}.Debug|Mixed Platforms.ActiveCfg = Debug|Any CPU
		{27DFE2CA-EAFF-47FF-AA69-F0596E981A13}.Debug|Mixed Platforms.Build.0 = Debug|Any CPU
		{27DFE2CA-EAFF-47FF-AA69-F0596E981A13}.Debug|x86.ActiveCfg = Debug|Any CPU
		{27DFE2CA-EAFF-47FF-AA69-F0596E981A13}.Release|Any CPU.ActiveCfg = Release|Any CPU
		{27DFE2CA-EAFF-47FF-AA69-F0596E981A13}.Release|Any CPU.Build.0 = Release|Any CPU
		{27DFE2CA-EAFF-47FF-AA69-F0596E981A13}.Release|Mixed Platforms.ActiveCfg = Release|Any CPU
		{27DFE2CA-EAFF-47FF-AA69-F0596E981A13}.Release|Mixed Platforms.Build.0 = Release|Any CPU
		{27DFE2CA-EAFF-47FF-AA69-F0596E981A13}.Release|x86.ActiveCfg = Release|Any CPU
		{CF761069-9B51-44BD-8860-673F89205D1E}.Debug|Any CPU.ActiveCfg = Debug|x86
		{CF761069-9B51-44BD-8860-673F89205D1E}.Debug|Mixed Platforms.ActiveCfg = Debug|x86
		{CF761069-9B51-44BD-8860-673F89205D1E}.Debug|Mixed Platforms.Build.0 = Debug|x86
		{CF761069-9B51-44BD-8860-673F89205D1E}.Debug|x86.ActiveCfg = Debug|x86
		{CF761069-9B51-44BD-8860-673F89205D1E}.Debug|x86.Build.0 = Debug|x86
		{CF761069-9B51-44BD-8860-673F89205D1E}.Release|Any CPU.ActiveCfg = Release|x86
		{CF761069-9B51-44BD-8860-673F89205D1E}.Release|Mixed Platforms.ActiveCfg = Release|x86
		{CF761069-9B51-44BD-8860-673F89205D1E}.Release|Mixed Platforms.Build.0 = Release|x86
		{CF761069-9B51-44BD-8860-673F89205D1E}.Release|x86.ActiveCfg = Release|x86
		{CF761069-9B51-44BD-8860-673F89205D1E}.Release|x86.Build.0 = Release|x86
	EndGlobalSection
	GlobalSection(SolutionProperties) = preSolution
		HideSolutionNode = FALSE
	EndGlobalSection
EndGlobal
